
Microsoft Visual Studio Solution File, Format Version 12.00
# Visual Studio Version 17
VisualStudioVersion = 17.0.31903.59
MinimumVisualStudioVersion = 10.0.40219.1
Project("{FAE04EC0-301F-11D3-BF4B-00C04F79EFBC}") = "WebApi", "WebApi\WebApi.csproj", "{3AFE9238-93A2-44F8-BA60-E3F0E10266A8}"
EndProject
Project("{2150E333-8FDC-42A3-9474-1A3956D46DE8}") = "Tests", "Tests", "{BD85B6ED-E77C-4592-AD45-B4DBA4C1BA41}"
EndProject
Project("{FAE04EC0-301F-11D3-BF4B-00C04F79EFBC}") = "WebApi.UnitTests", "Tests\WebApi.UnitTests\WebApi.UnitTests.csproj", "{C32262A9-5D93-4101-A096-B1816C09BF5B}"
EndProject
Global
	GlobalSection(SolutionConfigurationPlatforms) = preSolution
		Debug|Any CPU = Debug|Any CPU
		Release|Any CPU = Release|Any CPU
	EndGlobalSection
	GlobalSection(SolutionProperties) = preSolution
		HideSolutionNode = FALSE
	EndGlobalSection
	GlobalSection(ProjectConfigurationPlatforms) = postSolution
		{3AFE9238-93A2-44F8-BA60-E3F0E10266A8}.Debug|Any CPU.ActiveCfg = Debug|Any CPU
		{3AFE9238-93A2-44F8-BA60-E3F0E10266A8}.Debug|Any CPU.Build.0 = Debug|Any CPU
		{3AFE9238-93A2-44F8-BA60-E3F0E10266A8}.Release|Any CPU.ActiveCfg = Release|Any CPU
		{3AFE9238-93A2-44F8-BA60-E3F0E10266A8}.Release|Any CPU.Build.0 = Release|Any CPU
		{C32262A9-5D93-4101-A096-B1816C09BF5B}.Debug|Any CPU.ActiveCfg = Debug|Any CPU
		{C32262A9-5D93-4101-A096-B1816C09BF5B}.Debug|Any CPU.Build.0 = Debug|Any CPU
		{C32262A9-5D93-4101-A096-B1816C09BF5B}.Release|Any CPU.ActiveCfg = Release|Any CPU
		{C32262A9-5D93-4101-A096-B1816C09BF5B}.Release|Any CPU.Build.0 = Release|Any CPU
	EndGlobalSection
	GlobalSection(NestedProjects) = preSolution
		{C32262A9-5D93-4101-A096-B1816C09BF5B} = {BD85B6ED-E77C-4592-AD45-B4DBA4C1BA41}
	EndGlobalSection
EndGlobal
